
Microsoft Visual Studio Solution File, Format Version 12.00
# Visual Studio 15
VisualStudioVersion = 15.0.28307.489
MinimumVisualStudioVersion = 10.0.40219.1
Project("{FAE04EC0-301F-11D3-BF4B-00C04F79EFBC}") = "FilePassword", "FilePassword\FilePassword.csproj", "{F4F1B22F-DC6D-4E06-894E-D3FFB3DB5CFE}"
EndProject
Global
	GlobalSection(SolutionConfigurationPlatforms) = preSolution
		Debug|Any CPU = Debug|Any CPU
		Release|Any CPU = Release|Any CPU
	EndGlobalSection
	GlobalSection(ProjectConfigurationPlatforms) = postSolution
		{F4F1B22F-DC6D-4E06-894E-D3FFB3DB5CFE}.Debug|Any CPU.ActiveCfg = Debug|Any CPU
		{F4F1B22F-DC6D-4E06-894E-D3FFB3DB5CFE}.Debug|Any CPU.Build.0 = Debug|Any CPU
		{F4F1B22F-DC6D-4E06-894E-D3FFB3DB5CFE}.Release|Any CPU.ActiveCfg = Release|Any CPU
		{F4F1B22F-DC6D-4E06-894E-D3FFB3DB5CFE}.Release|Any CPU.Build.0 = Release|Any CPU
	EndGlobalSection
	GlobalSection(SolutionProperties) = preSolution
		HideSolutionNode = FALSE
	EndGlobalSection
	GlobalSection(ExtensibilityGlobals) = postSolution
		SolutionGuid = {074BC2BE-8C64-4EAC-AF6F-73714019FC9E}
	EndGlobalSection
EndGlobal
